
Microsoft Visual Studio Solution File, Format Version 12.00
# Visual Studio Version 16
VisualStudioVersion = 16.0.32228.343
MinimumVisualStudioVersion = 10.0.40219.1
Project("{8BC9CEB8-8B4A-11D0-8D11-00A0C91BC942}") = "2022.04.17P47函数嵌套调用和链式访问", "2022.04.17P47函数嵌套调用和链式访问.vcxproj", "{D29A682E-3E8C-4A4A-8E4B-3CAC76133618}"
EndProject
Global
	GlobalSection(SolutionConfigurationPlatforms) = preSolution
		Debug|x64 = Debug|x64
		Debug|x86 = Debug|x86
		Release|x64 = Release|x64
		Release|x86 = Release|x86
	EndGlobalSection
	GlobalSection(ProjectConfigurationPlatforms) = postSolution
		{D29A682E-3E8C-4A4A-8E4B-3CAC76133618}.Debug|x64.ActiveCfg = Debug|x64
		{D29A682E-3E8C-4A4A-8E4B-3CAC76133618}.Debug|x64.Build.0 = Debug|x64
		{D29A682E-3E8C-4A4A-8E4B-3CAC76133618}.Debug|x86.ActiveCfg = Debug|Win32
		{D29A682E-3E8C-4A4A-8E4B-3CAC76133618}.Debug|x86.Build.0 = Debug|Win32
		{D29A682E-3E8C-4A4A-8E4B-3CAC76133618}.Release|x64.ActiveCfg = Release|x64
		{D29A682E-3E8C-4A4A-8E4B-3CAC76133618}.Release|x64.Build.0 = Release|x64
		{D29A682E-3E8C-4A4A-8E4B-3CAC76133618}.Release|x86.ActiveCfg = Release|Win32
		{D29A682E-3E8C-4A4A-8E4B-3CAC76133618}.Release|x86.Build.0 = Release|Win32
	EndGlobalSection
	GlobalSection(SolutionProperties) = preSolution
		HideSolutionNode = FALSE
	EndGlobalSection
	GlobalSection(ExtensibilityGlobals) = postSolution
		SolutionGuid = {695148CB-C924-471B-856F-25CD5EE26FFE}
	EndGlobalSection
EndGlobal
